
Microsoft Visual Studio Solution File, Format Version 12.00
# Visual Studio Version 16
VisualStudioVersion = 16.0.29728.190
MinimumVisualStudioVersion = 10.0.40219.1
Project("{9A19103F-16F7-4668-BE54-9A1E7A4F7556}") = "DpsCreateEnrollmentGroup", "DpsCreateEnrollmentGroup\DpsCreateEnrollmentGroup.csproj", "{44B40555-6C6C-4C5B-83D4-A2611D36CE6A}"
EndProject
Project("{9A19103F-16F7-4668-BE54-9A1E7A4F7556}") = "DpsEnrollDevice", "DpsEnrollDevice\DpsEnrollDevice.csproj", "{1A1FC2FB-5D9E-4F32-895D-2B2EE960C278}"
EndProject
Project("{9A19103F-16F7-4668-BE54-9A1E7A4F7556}") = "CertsCreateChained", "CertsCreateChained\CertsCreateChained.csproj", "{7C282878-BCD8-4EC5-B920-2AC0B5FF0A2E}"
EndProject
Project("{9A19103F-16F7-4668-BE54-9A1E7A4F7556}") = "CertsCreateDeviceCertificate", "CertsCreateDeviceCertificate\CertsCreateDeviceCertificate.csproj", "{2D5399B9-4F46-42E2-A98D-8211601BD48E}"
EndProject
Project("{9A19103F-16F7-4668-BE54-9A1E7A4F7556}") = "CertsVerifyCertificate", "CertsVerifyCertificate\CertsVerifyCertificate.csproj", "{313CC306-90D0-454E-8BFB-2D92ADB3695D}"
EndProject
Project("{9A19103F-16F7-4668-BE54-9A1E7A4F7556}") = "DpsCreateIndividualEnrollment", "DpsCreateIndividualEnrollment\DpsCreateIndividualEnrollment.csproj", "{F9FA622B-F7FF-40C2-866A-F117DD8DF478}"
EndProject
Project("{FAE04EC0-301F-11D3-BF4B-00C04F79EFBC}") = "DpsManagement", "DpsManagement\DpsManagement.csproj", "{88233E50-8AB3-4B43-B097-CBCA67B98DC7}"
EndProject
Global
	GlobalSection(SolutionConfigurationPlatforms) = preSolution
		Debug|Any CPU = Debug|Any CPU
		Release|Any CPU = Release|Any CPU
	EndGlobalSection
	GlobalSection(ProjectConfigurationPlatforms) = postSolution
		{44B40555-6C6C-4C5B-83D4-A2611D36CE6A}.Debug|Any CPU.ActiveCfg = Debug|Any CPU
		{44B40555-6C6C-4C5B-83D4-A2611D36CE6A}.Debug|Any CPU.Build.0 = Debug|Any CPU
		{44B40555-6C6C-4C5B-83D4-A2611D36CE6A}.Release|Any CPU.ActiveCfg = Release|Any CPU
		{44B40555-6C6C-4C5B-83D4-A2611D36CE6A}.Release|Any CPU.Build.0 = Release|Any CPU
		{1A1FC2FB-5D9E-4F32-895D-2B2EE960C278}.Debug|Any CPU.ActiveCfg = Debug|Any CPU
		{1A1FC2FB-5D9E-4F32-895D-2B2EE960C278}.Debug|Any CPU.Build.0 = Debug|Any CPU
		{1A1FC2FB-5D9E-4F32-895D-2B2EE960C278}.Release|Any CPU.ActiveCfg = Release|Any CPU
		{1A1FC2FB-5D9E-4F32-895D-2B2EE960C278}.Release|Any CPU.Build.0 = Release|Any CPU
		{7C282878-BCD8-4EC5-B920-2AC0B5FF0A2E}.Debug|Any CPU.ActiveCfg = Debug|Any CPU
		{7C282878-BCD8-4EC5-B920-2AC0B5FF0A2E}.Debug|Any CPU.Build.0 = Debug|Any CPU
		{7C282878-BCD8-4EC5-B920-2AC0B5FF0A2E}.Release|Any CPU.ActiveCfg = Release|Any CPU
		{7C282878-BCD8-4EC5-B920-2AC0B5FF0A2E}.Release|Any CPU.Build.0 = Release|Any CPU
		{2D5399B9-4F46-42E2-A98D-8211601BD48E}.Debug|Any CPU.ActiveCfg = Debug|Any CPU
		{2D5399B9-4F46-42E2-A98D-8211601BD48E}.Debug|Any CPU.Build.0 = Debug|Any CPU
		{2D5399B9-4F46-42E2-A98D-8211601BD48E}.Release|Any CPU.ActiveCfg = Release|Any CPU
		{2D5399B9-4F46-42E2-A98D-8211601BD48E}.Release|Any CPU.Build.0 = Release|Any CPU
		{313CC306-90D0-454E-8BFB-2D92ADB3695D}.Debug|Any CPU.ActiveCfg = Debug|Any CPU
		{313CC306-90D0-454E-8BFB-2D92ADB3695D}.Debug|Any CPU.Build.0 = Debug|Any CPU
		{313CC306-90D0-454E-8BFB-2D92ADB3695D}.Release|Any CPU.ActiveCfg = Release|Any CPU
		{313CC306-90D0-454E-8BFB-2D92ADB3695D}.Release|Any CPU.Build.0 = Release|Any CPU
		{F9FA622B-F7FF-40C2-866A-F117DD8DF478}.Debug|Any CPU.ActiveCfg = Debug|Any CPU
		{F9FA622B-F7FF-40C2-866A-F117DD8DF478}.Debug|Any CPU.Build.0 = Debug|Any CPU
		{F9FA622B-F7FF-40C2-866A-F117DD8DF478}.Release|Any CPU.ActiveCfg = Release|Any CPU
		{F9FA622B-F7FF-40C2-866A-F117DD8DF478}.Release|Any CPU.Build.0 = Release|Any CPU
		{88233E50-8AB3-4B43-B097-CBCA67B98DC7}.Debug|Any CPU.ActiveCfg = Debug|Any CPU
		{88233E50-8AB3-4B43-B097-CBCA67B98DC7}.Debug|Any CPU.Build.0 = Debug|Any CPU
		{88233E50-8AB3-4B43-B097-CBCA67B98DC7}.Release|Any CPU.ActiveCfg = Release|Any CPU
		{88233E50-8AB3-4B43-B097-CBCA67B98DC7}.Release|Any CPU.Build.0 = Release|Any CPU
	EndGlobalSection
	GlobalSection(SolutionProperties) = preSolution
		HideSolutionNode = FALSE
	EndGlobalSection
	GlobalSection(ExtensibilityGlobals) = postSolution
		SolutionGuid = {E92EE199-6D04-44B2-8E12-6D7A9317AFE9}
	EndGlobalSection
EndGlobal
